{
    "requires": true,
    "lockfileVersion": 1,
    "dependencies": {
        "summernote": {
            "version": "0.8.10",
            "resolved": "https://registry.npmjs.org/summernote/-/summernote-0.8.10.tgz",
            "integrity": "sha512-1b4ESCiY9HW+12HYXCntjbThVgeYNaYKfKL7pC4Jqjo/WDS4G4mMtd2kPuCw56HxeRT67d+zlehopaE+M4o6aQ==",
            "dev": true
        }
    }
}
